
Microsoft Visual Studio Solution File, Format Version 12.00
# Visual Studio Version 17
VisualStudioVersion = 17.8.34408.163
MinimumVisualStudioVersion = 10.0.40219.1
Project("{FAE04EC0-301F-11D3-BF4B-00C04F79EFBC}") = "DIwork", "DIwork.csproj", "{64F47233-268C-433F-94E8-7AF184DF6C58}"
EndProject
Project("{9A19103F-16F7-4668-BE54-9A1E7A4F7556}") = "MorpheusStandard", "..\Standard\MorpheusStandard.csproj", "{0E74D2EC-8B2F-4D06-AA6C-89ED0D6B2C0E}"
EndProject
Global
	GlobalSection(SolutionConfigurationPlatforms) = preSolution
		Debug|Any CPU = Debug|Any CPU
		Release|Any CPU = Release|Any CPU
	EndGlobalSection
	GlobalSection(ProjectConfigurationPlatforms) = postSolution
		{64F47233-268C-433F-94E8-7AF184DF6C58}.Debug|Any CPU.ActiveCfg = Debug|Any CPU
		{64F47233-268C-433F-94E8-7AF184DF6C58}.Debug|Any CPU.Build.0 = Debug|Any CPU
		{64F47233-268C-433F-94E8-7AF184DF6C58}.Release|Any CPU.ActiveCfg = Release|Any CPU
		{64F47233-268C-433F-94E8-7AF184DF6C58}.Release|Any CPU.Build.0 = Release|Any CPU
		{0E74D2EC-8B2F-4D06-AA6C-89ED0D6B2C0E}.Debug|Any CPU.ActiveCfg = Debug|Any CPU
		{0E74D2EC-8B2F-4D06-AA6C-89ED0D6B2C0E}.Debug|Any CPU.Build.0 = Debug|Any CPU
		{0E74D2EC-8B2F-4D06-AA6C-89ED0D6B2C0E}.Release|Any CPU.ActiveCfg = Release|Any CPU
		{0E74D2EC-8B2F-4D06-AA6C-89ED0D6B2C0E}.Release|Any CPU.Build.0 = Release|Any CPU
	EndGlobalSection
	GlobalSection(SolutionProperties) = preSolution
		HideSolutionNode = FALSE
	EndGlobalSection
	GlobalSection(ExtensibilityGlobals) = postSolution
		SolutionGuid = {D02CB31C-3765-4AE9-AA70-DB0D06E35C35}
	EndGlobalSection
EndGlobal
